
Microsoft Visual Studio Solution File, Format Version 12.00
# Visual Studio Version 16
VisualStudioVersion = 16.0.30413.136
MinimumVisualStudioVersion = 10.0.40219.1
Project("{FAE04EC0-301F-11D3-BF4B-00C04F79EFBC}") = "TeamsProactiveMessageApi", "TeamsProactiveMessageApi\TeamsProactiveMessageApi.csproj", "{FB273DD0-30D3-4610-91DC-D695E1FAE6F4}"
EndProject
Global
	GlobalSection(SolutionConfigurationPlatforms) = preSolution
		Debug|Any CPU = Debug|Any CPU
		Release|Any CPU = Release|Any CPU
	EndGlobalSection
	GlobalSection(ProjectConfigurationPlatforms) = postSolution
		{FB273DD0-30D3-4610-91DC-D695E1FAE6F4}.Debug|Any CPU.ActiveCfg = Debug|Any CPU
		{FB273DD0-30D3-4610-91DC-D695E1FAE6F4}.Debug|Any CPU.Build.0 = Debug|Any CPU
		{FB273DD0-30D3-4610-91DC-D695E1FAE6F4}.Release|Any CPU.ActiveCfg = Release|Any CPU
		{FB273DD0-30D3-4610-91DC-D695E1FAE6F4}.Release|Any CPU.Build.0 = Release|Any CPU
	EndGlobalSection
	GlobalSection(SolutionProperties) = preSolution
		HideSolutionNode = FALSE
	EndGlobalSection
	GlobalSection(ExtensibilityGlobals) = postSolution
		SolutionGuid = {C4ADD7C9-ED41-427D-91DD-36170D074E50}
	EndGlobalSection
EndGlobal
